
Microsoft Visual Studio Solution File, Format Version 12.00
Project("{FAE04EC0-301F-11D3-BF4B-00C04F79EFBC}") = "Application", "src\Application\Application.csproj", "{768E7F9D-AEF8-424A-8530-91BBA01A9399}"
EndProject
Project("{FAE04EC0-301F-11D3-BF4B-00C04F79EFBC}") = "Domain", "src\Domain\Domain.csproj", "{F59C82FB-7048-430A-B8E1-77F26F56B938}"
EndProject
Project("{FAE04EC0-301F-11D3-BF4B-00C04F79EFBC}") = "Infrastructure", "src\Infrastructure\Infrastructure.csproj", "{08755310-3265-4273-9E18-DF72E8687577}"
EndProject
Project("{FAE04EC0-301F-11D3-BF4B-00C04F79EFBC}") = "WebUI", "src\WebUI\WebUI.csproj", "{FCA44383-97DB-4676-89EC-5799862308D3}"
EndProject
Global
	GlobalSection(SolutionConfigurationPlatforms) = preSolution
		Debug|Any CPU = Debug|Any CPU
		Release|Any CPU = Release|Any CPU
	EndGlobalSection
	GlobalSection(ProjectConfigurationPlatforms) = postSolution
		{768E7F9D-AEF8-424A-8530-91BBA01A9399}.Debug|Any CPU.ActiveCfg = Debug|Any CPU
		{768E7F9D-AEF8-424A-8530-91BBA01A9399}.Debug|Any CPU.Build.0 = Debug|Any CPU
		{768E7F9D-AEF8-424A-8530-91BBA01A9399}.Release|Any CPU.ActiveCfg = Release|Any CPU
		{768E7F9D-AEF8-424A-8530-91BBA01A9399}.Release|Any CPU.Build.0 = Release|Any CPU
		{F59C82FB-7048-430A-B8E1-77F26F56B938}.Debug|Any CPU.ActiveCfg = Debug|Any CPU
		{F59C82FB-7048-430A-B8E1-77F26F56B938}.Debug|Any CPU.Build.0 = Debug|Any CPU
		{F59C82FB-7048-430A-B8E1-77F26F56B938}.Release|Any CPU.ActiveCfg = Release|Any CPU
		{F59C82FB-7048-430A-B8E1-77F26F56B938}.Release|Any CPU.Build.0 = Release|Any CPU
		{08755310-3265-4273-9E18-DF72E8687577}.Debug|Any CPU.ActiveCfg = Debug|Any CPU
		{08755310-3265-4273-9E18-DF72E8687577}.Debug|Any CPU.Build.0 = Debug|Any CPU
		{08755310-3265-4273-9E18-DF72E8687577}.Release|Any CPU.ActiveCfg = Release|Any CPU
		{08755310-3265-4273-9E18-DF72E8687577}.Release|Any CPU.Build.0 = Release|Any CPU
		{FCA44383-97DB-4676-89EC-5799862308D3}.Debug|Any CPU.ActiveCfg = Debug|Any CPU
		{FCA44383-97DB-4676-89EC-5799862308D3}.Debug|Any CPU.Build.0 = Debug|Any CPU
		{FCA44383-97DB-4676-89EC-5799862308D3}.Release|Any CPU.ActiveCfg = Release|Any CPU
		{FCA44383-97DB-4676-89EC-5799862308D3}.Release|Any CPU.Build.0 = Release|Any CPU
	EndGlobalSection
EndGlobal
