
Microsoft Visual Studio Solution File, Format Version 12.00
Project("{FAE04EC0-301F-11D3-BF4B-00C04F79EFBC}") = "Domain", "src\Domain\Domain.csproj", "{B96FC9BB-E6EC-403C-BF47-506E90F53116}"
EndProject
Project("{FAE04EC0-301F-11D3-BF4B-00C04F79EFBC}") = "Application", "src\Application\Application.csproj", "{ACD08FF9-4E7B-4804-A8E7-040E1708D590}"
EndProject
Project("{FAE04EC0-301F-11D3-BF4B-00C04F79EFBC}") = "Infrastructure", "src\Infrastructure\Infrastructure.csproj", "{CDE9DF07-CB04-46CC-B06F-2D31750A6D6A}"
EndProject
Project("{FAE04EC0-301F-11D3-BF4B-00C04F79EFBC}") = "WebUI", "src\WebUI\WebUI.csproj", "{3F78D027-91FE-46CC-9441-731926BCD5CC}"
EndProject
Global
	GlobalSection(SolutionConfigurationPlatforms) = preSolution
		Debug|Any CPU = Debug|Any CPU
		Release|Any CPU = Release|Any CPU
	EndGlobalSection
	GlobalSection(ProjectConfigurationPlatforms) = postSolution
		{B96FC9BB-E6EC-403C-BF47-506E90F53116}.Debug|Any CPU.ActiveCfg = Debug|Any CPU
		{B96FC9BB-E6EC-403C-BF47-506E90F53116}.Debug|Any CPU.Build.0 = Debug|Any CPU
		{B96FC9BB-E6EC-403C-BF47-506E90F53116}.Release|Any CPU.ActiveCfg = Release|Any CPU
		{B96FC9BB-E6EC-403C-BF47-506E90F53116}.Release|Any CPU.Build.0 = Release|Any CPU
		{ACD08FF9-4E7B-4804-A8E7-040E1708D590}.Debug|Any CPU.ActiveCfg = Debug|Any CPU
		{ACD08FF9-4E7B-4804-A8E7-040E1708D590}.Debug|Any CPU.Build.0 = Debug|Any CPU
		{ACD08FF9-4E7B-4804-A8E7-040E1708D590}.Release|Any CPU.ActiveCfg = Release|Any CPU
		{ACD08FF9-4E7B-4804-A8E7-040E1708D590}.Release|Any CPU.Build.0 = Release|Any CPU
		{CDE9DF07-CB04-46CC-B06F-2D31750A6D6A}.Debug|Any CPU.ActiveCfg = Debug|Any CPU
		{CDE9DF07-CB04-46CC-B06F-2D31750A6D6A}.Debug|Any CPU.Build.0 = Debug|Any CPU
		{CDE9DF07-CB04-46CC-B06F-2D31750A6D6A}.Release|Any CPU.ActiveCfg = Release|Any CPU
		{CDE9DF07-CB04-46CC-B06F-2D31750A6D6A}.Release|Any CPU.Build.0 = Release|Any CPU
		{3F78D027-91FE-46CC-9441-731926BCD5CC}.Debug|Any CPU.ActiveCfg = Debug|Any CPU
		{3F78D027-91FE-46CC-9441-731926BCD5CC}.Debug|Any CPU.Build.0 = Debug|Any CPU
		{3F78D027-91FE-46CC-9441-731926BCD5CC}.Release|Any CPU.ActiveCfg = Release|Any CPU
		{3F78D027-91FE-46CC-9441-731926BCD5CC}.Release|Any CPU.Build.0 = Release|Any CPU
	EndGlobalSection
EndGlobal
